
Microsoft Visual Studio Solution File, Format Version 12.00
# Visual Studio Version 16
VisualStudioVersion = 16.0.30523.141
MinimumVisualStudioVersion = 10.0.40219.1
Project("{FAE04EC0-301F-11D3-BF4B-00C04F79EFBC}") = "MvcNew", "MvcNew\MvcNew.csproj", "{B0DE1B41-AA7B-4BA3-AA53-B795755A5784}"
EndProject
Global
	GlobalSection(SolutionConfigurationPlatforms) = preSolution
		Debug|Any CPU = Debug|Any CPU
		Release|Any CPU = Release|Any CPU
	EndGlobalSection
	GlobalSection(ProjectConfigurationPlatforms) = postSolution
		{B0DE1B41-AA7B-4BA3-AA53-B795755A5784}.Debug|Any CPU.ActiveCfg = Debug|Any CPU
		{B0DE1B41-AA7B-4BA3-AA53-B795755A5784}.Debug|Any CPU.Build.0 = Debug|Any CPU
		{B0DE1B41-AA7B-4BA3-AA53-B795755A5784}.Release|Any CPU.ActiveCfg = Release|Any CPU
		{B0DE1B41-AA7B-4BA3-AA53-B795755A5784}.Release|Any CPU.Build.0 = Release|Any CPU
	EndGlobalSection
	GlobalSection(SolutionProperties) = preSolution
		HideSolutionNode = FALSE
	EndGlobalSection
	GlobalSection(ExtensibilityGlobals) = postSolution
		SolutionGuid = {0C1FD7FB-0540-4A35-8E20-DA311BD707B0}
	EndGlobalSection
EndGlobal
