
Microsoft Visual Studio Solution File, Format Version 12.00
# Visual Studio Version 16
VisualStudioVersion = 16.0.30523.141
MinimumVisualStudioVersion = 10.0.40219.1
Project("{9A19103F-16F7-4668-BE54-9A1E7A4F7556}") = "AdminApi", "AdminApi\AdminApi.csproj", "{B26F9AE9-3B8A-46EC-A665-B827AB519EEB}"
EndProject
Project("{FAE04EC0-301F-11D3-BF4B-00C04F79EFBC}") = "AdminTesting", "AdminTesting\AdminTesting.csproj", "{71899253-0926-47D8-9BC4-7235563BF42E}"
EndProject
Global
	GlobalSection(SolutionConfigurationPlatforms) = preSolution
		Debug|Any CPU = Debug|Any CPU
		Release|Any CPU = Release|Any CPU
	EndGlobalSection
	GlobalSection(ProjectConfigurationPlatforms) = postSolution
		{B26F9AE9-3B8A-46EC-A665-B827AB519EEB}.Debug|Any CPU.ActiveCfg = Debug|Any CPU
		{B26F9AE9-3B8A-46EC-A665-B827AB519EEB}.Debug|Any CPU.Build.0 = Debug|Any CPU
		{B26F9AE9-3B8A-46EC-A665-B827AB519EEB}.Release|Any CPU.ActiveCfg = Release|Any CPU
		{B26F9AE9-3B8A-46EC-A665-B827AB519EEB}.Release|Any CPU.Build.0 = Release|Any CPU
		{71899253-0926-47D8-9BC4-7235563BF42E}.Debug|Any CPU.ActiveCfg = Debug|Any CPU
		{71899253-0926-47D8-9BC4-7235563BF42E}.Debug|Any CPU.Build.0 = Debug|Any CPU
		{71899253-0926-47D8-9BC4-7235563BF42E}.Release|Any CPU.ActiveCfg = Release|Any CPU
		{71899253-0926-47D8-9BC4-7235563BF42E}.Release|Any CPU.Build.0 = Release|Any CPU
	EndGlobalSection
	GlobalSection(SolutionProperties) = preSolution
		HideSolutionNode = FALSE
	EndGlobalSection
	GlobalSection(ExtensibilityGlobals) = postSolution
		SolutionGuid = {FB739D65-44EA-4EAB-895F-B8D1EBEDDD77}
	EndGlobalSection
EndGlobal
