
Microsoft Visual Studio Solution File, Format Version 12.00
# Visual Studio Version 16
VisualStudioVersion = 16.0.30523.141
MinimumVisualStudioVersion = 10.0.40219.1
Project("{9A19103F-16F7-4668-BE54-9A1E7A4F7556}") = "UserApi", "UserApi\UserApi.csproj", "{9BA27B21-FDE3-45E1-8F61-F7B51CD238F8}"
EndProject
Project("{FAE04EC0-301F-11D3-BF4B-00C04F79EFBC}") = "UserTesting", "UserTesting\UserTesting.csproj", "{C3201FF1-EBB5-4422-ADB0-B68B7A0C4887}"
EndProject
Global
	GlobalSection(SolutionConfigurationPlatforms) = preSolution
		Debug|Any CPU = Debug|Any CPU
		Release|Any CPU = Release|Any CPU
	EndGlobalSection
	GlobalSection(ProjectConfigurationPlatforms) = postSolution
		{9BA27B21-FDE3-45E1-8F61-F7B51CD238F8}.Debug|Any CPU.ActiveCfg = Debug|Any CPU
		{9BA27B21-FDE3-45E1-8F61-F7B51CD238F8}.Debug|Any CPU.Build.0 = Debug|Any CPU
		{9BA27B21-FDE3-45E1-8F61-F7B51CD238F8}.Release|Any CPU.ActiveCfg = Release|Any CPU
		{9BA27B21-FDE3-45E1-8F61-F7B51CD238F8}.Release|Any CPU.Build.0 = Release|Any CPU
		{C3201FF1-EBB5-4422-ADB0-B68B7A0C4887}.Debug|Any CPU.ActiveCfg = Debug|Any CPU
		{C3201FF1-EBB5-4422-ADB0-B68B7A0C4887}.Debug|Any CPU.Build.0 = Debug|Any CPU
		{C3201FF1-EBB5-4422-ADB0-B68B7A0C4887}.Release|Any CPU.ActiveCfg = Release|Any CPU
		{C3201FF1-EBB5-4422-ADB0-B68B7A0C4887}.Release|Any CPU.Build.0 = Release|Any CPU
	EndGlobalSection
	GlobalSection(SolutionProperties) = preSolution
		HideSolutionNode = FALSE
	EndGlobalSection
	GlobalSection(ExtensibilityGlobals) = postSolution
		SolutionGuid = {66BB35C3-992F-4641-9EEB-211A43DF430C}
	EndGlobalSection
EndGlobal
